// !$*UTF8*$!
{
	archiveVersion = 1;
	classes = {
	};
	objectVersion = 50;
	objects = {

/* Begin PBXBuildFile section */
		F172F5EA244694F80048626B /* AppDelegate.swift in Sources */ = {isa = PBXBuildFile; fileRef = F172F5E9244694F80048626B /* AppDelegate.swift */; };
		F172F5EC244694F80048626B /* SceneDelegate.swift in Sources */ = {isa = PBXBuildFile; fileRef = F172F5EB244694F80048626B /* SceneDelegate.swift */; };
		F172F5F1244694F80048626B /* Main.storyboard in Resources */ = {isa = PBXBuildFile; fileRef = F172F5EF244694F80048626B /* Main.storyboard */; };
		F172F5F3244694F90048626B /* Assets.xcassets in Resources */ = {isa = PBXBuildFile; fileRef = F172F5F2244694F90048626B /* Assets.xcassets */; };
		F172F5F6244694F90048626B /* LaunchScreen.storyboard in Resources */ = {isa = PBXBuildFile; fileRef = F172F5F4244694F90048626B /* LaunchScreen.storyboard */; };
		F172F601244694F90048626B /* ImageLoaderTests.swift in Sources */ = {isa = PBXBuildFile; fileRef = F172F600244694F90048626B /* ImageLoaderTests.swift */; };
		F172F60C2446958A0048626B /* LocalImageViewController.swift in Sources */ = {isa = PBXBuildFile; fileRef = F172F60B2446958A0048626B /* LocalImageViewController.swift */; };
		F172F60E244695A90048626B /* OnlineImageViewController.swift in Sources */ = {isa = PBXBuildFile; fileRef = F172F60D244695A90048626B /* OnlineImageViewController.swift */; };
		F172F610244696A00048626B /* AspectRatioImageView.swift in Sources */ = {isa = PBXBuildFile; fileRef = F172F60F244696A00048626B /* AspectRatioImageView.swift */; };
		F172F6122446C28A0048626B /* ImageCell.swift in Sources */ = {isa = PBXBuildFile; fileRef = F172F6112446C28A0048626B /* ImageCell.swift */; };
		F172F61624472CDA0048626B /* ImageCell.xib in Resources */ = {isa = PBXBuildFile; fileRef = F172F61524472CDA0048626B /* ImageCell.xib */; };
/* End PBXBuildFile section */

/* Begin PBXContainerItemProxy section */
		F172F5FD244694F90048626B /* PBXContainerItemProxy */ = {
			isa = PBXContainerItemProxy;
			containerPortal = F172F5DE244694F80048626B /* Project object */;
			proxyType = 1;
			remoteGlobalIDString = F172F5E5244694F80048626B;
			remoteInfo = ImageLoader;
		};
/* End PBXContainerItemProxy section */

/* Begin PBXFileReference section */
		F172F5E6244694F80048626B /* ImageLoader.app */ = {isa = PBXFileReference; explicitFileType = wrapper.application; includeInIndex = 0; path = ImageLoader.app; sourceTree = BUILT_PRODUCTS_DIR; };
		F172F5E9244694F80048626B /* AppDelegate.swift */ = {isa = PBXFileReference; lastKnownFileType = sourcecode.swift; path = AppDelegate.swift; sourceTree = "<group>"; };
		F172F5EB244694F80048626B /* SceneDelegate.swift */ = {isa = PBXFileReference; lastKnownFileType = sourcecode.swift; path = SceneDelegate.swift; sourceTree = "<group>"; };
		F172F5F0244694F80048626B /* Base */ = {isa = PBXFileReference; lastKnownFileType = file.storyboard; name = Base; path = Base.lproj/Main.storyboard; sourceTree = "<group>"; };
		F172F5F2244694F90048626B /* Assets.xcassets */ = {isa = PBXFileReference; lastKnownFileType = folder.assetcatalog; path = Assets.xcassets; sourceTree = "<group>"; };
		F172F5F5244694F90048626B /* Base */ = {isa = PBXFileReference; lastKnownFileType = file.storyboard; name = Base; path = Base.lproj/LaunchScreen.storyboard; sourceTree = "<group>"; };
		F172F5F7244694F90048626B /* Info.plist */ = {isa = PBXFileReference; lastKnownFileType = text.plist.xml; path = Info.plist; sourceTree = "<group>"; };
		F172F5FC244694F90048626B /* ImageLoaderTests.xctest */ = {isa = PBXFileReference; explicitFileType = wrapper.cfbundle; includeInIndex = 0; path = ImageLoaderTests.xctest; sourceTree = BUILT_PRODUCTS_DIR; };
		F172F600244694F90048626B /* ImageLoaderTests.swift */ = {isa = PBXFileReference; lastKnownFileType = sourcecode.swift; path = ImageLoaderTests.swift; sourceTree = "<group>"; };
		F172F602244694F90048626B /* Info.plist */ = {isa = PBXFileReference; lastKnownFileType = text.plist.xml; path = Info.plist; sourceTree = "<group>"; };
		F172F60B2446958A0048626B /* LocalImageViewController.swift */ = {isa = PBXFileReference; lastKnownFileType = sourcecode.swift; path = LocalImageViewController.swift; sourceTree = "<group>"; };
		F172F60D244695A90048626B /* OnlineImageViewController.swift */ = {isa = PBXFileReference; lastKnownFileType = sourcecode.swift; path = OnlineImageViewController.swift; sourceTree = "<group>"; };
		F172F60F244696A00048626B /* AspectRatioImageView.swift */ = {isa = PBXFileReference; lastKnownFileType = sourcecode.swift; path = AspectRatioImageView.swift; sourceTree = "<group>"; };
		F172F6112446C28A0048626B /* ImageCell.swift */ = {isa = PBXFileReference; lastKnownFileType = sourcecode.swift; path = ImageCell.swift; sourceTree = "<group>"; };
		F172F61524472CDA0048626B /* ImageCell.xib */ = {isa = PBXFileReference; lastKnownFileType = file.xib; path = ImageCell.xib; sourceTree = "<group>"; };
/* End PBXFileReference section */

/* Begin PBXFrameworksBuildPhase section */
		F172F5E3244694F80048626B /* Frameworks */ = {
			isa = PBXFrameworksBuildPhase;
			buildActionMask = 2147483647;
			files = (
			);
			runOnlyForDeploymentPostprocessing = 0;
		};
		F172F5F9244694F90048626B /* Frameworks */ = {
			isa = PBXFrameworksBuildPhase;
			buildActionMask = 2147483647;
			files = (
			);
			runOnlyForDeploymentPostprocessing = 0;
		};
/* End PBXFrameworksBuildPhase section */

/* Begin PBXGroup section */
		F172F5DD244694F80048626B = {
			isa = PBXGroup;
			children = (
				F172F5E8244694F80048626B /* ImageLoader */,
				F172F5FF244694F90048626B /* ImageLoaderTests */,
				F172F5E7244694F80048626B /* Products */,
			);
			sourceTree = "<group>";
		};
		F172F5E7244694F80048626B /* Products */ = {
			isa = PBXGroup;
			children = (
				F172F5E6244694F80048626B /* ImageLoader.app */,
				F172F5FC244694F90048626B /* ImageLoaderTests.xctest */,
			);
			name = Products;
			sourceTree = "<group>";
		};
		F172F5E8244694F80048626B /* ImageLoader */ = {
			isa = PBXGroup;
			children = (
				F172F5E9244694F80048626B /* AppDelegate.swift */,
				F172F5EB244694F80048626B /* SceneDelegate.swift */,
				F172F60B2446958A0048626B /* LocalImageViewController.swift */,
				F172F60D244695A90048626B /* OnlineImageViewController.swift */,
				F172F6112446C28A0048626B /* ImageCell.swift */,
				F172F61524472CDA0048626B /* ImageCell.xib */,
				F172F60F244696A00048626B /* AspectRatioImageView.swift */,
				F172F5EF244694F80048626B /* Main.storyboard */,
				F172F5F2244694F90048626B /* Assets.xcassets */,
				F172F5F4244694F90048626B /* LaunchScreen.storyboard */,
				F172F5F7244694F90048626B /* Info.plist */,
			);
			path = ImageLoader;
			sourceTree = "<group>";
		};
		F172F5FF244694F90048626B /* ImageLoaderTests */ = {
			isa = PBXGroup;
			children = (
				F172F600244694F90048626B /* ImageLoaderTests.swift */,
				F172F602244694F90048626B /* Info.plist */,
			);
			path = ImageLoaderTests;
			sourceTree = "<group>";
		};
/* End PBXGroup section */

/* Begin PBXNativeTarget section */
		F172F5E5244694F80048626B /* ImageLoader */ = {
			isa = PBXNativeTarget;
			buildConfigurationList = F172F605244694F90048626B /* Build configuration list for PBXNativeTarget "ImageLoader" */;
			buildPhases = (
				F172F5E2244694F80048626B /* Sources */,
				F172F5E3244694F80048626B /* Frameworks */,
				F172F5E4244694F80048626B /* Resources */,
			);
			buildRules = (
			);
			dependencies = (
			);
			name = ImageLoader;
			productName = ImageLoader;
			productReference = F172F5E6244694F80048626B /* ImageLoader.app */;
			productType = "com.apple.product-type.application";
		};
		F172F5FB244694F90048626B /* ImageLoaderTests */ = {
			isa = PBXNativeTarget;
			buildConfigurationList = F172F608244694F90048626B /* Build configuration list for PBXNativeTarget "ImageLoaderTests" */;
			buildPhases = (
				F172F5F8244694F90048626B /* Sources */,
				F172F5F9244694F90048626B /* Frameworks */,
				F172F5FA244694F90048626B /* Resources */,
			);
			buildRules = (
			);
			dependencies = (
				F172F5FE244694F90048626B /* PBXTargetDependency */,
			);
			name = ImageLoaderTests;
			productName = ImageLoaderTests;
			productReference = F172F5FC244694F90048626B /* ImageLoaderTests.xctest */;
			productType = "com.apple.product-type.bundle.unit-test";
		};
/* End PBXNativeTarget section */

/* Begin PBXProject section */
		F172F5DE244694F80048626B /* Project object */ = {
			isa = PBXProject;
			attributes = {
				LastSwiftUpdateCheck = 1140;
				LastUpgradeCheck = 1140;
				ORGANIZATIONNAME = "Jin Lee";
				TargetAttributes = {
					F172F5E5244694F80048626B = {
						CreatedOnToolsVersion = 11.4;
					};
					F172F5FB244694F90048626B = {
						CreatedOnToolsVersion = 11.4;
						TestTargetID = F172F5E5244694F80048626B;
					};
				};
			};
			buildConfigurationList = F172F5E1244694F80048626B /* Build configuration list for PBXProject "ImageLoader" */;
			compatibilityVersion = "Xcode 9.3";
			developmentRegion = en;
			hasScannedForEncodings = 0;
			knownRegions = (
				en,
				Base,
			);
			mainGroup = F172F5DD244694F80048626B;
			productRefGroup = F172F5E7244694F80048626B /* Products */;
			projectDirPath = "";
			projectRoot = "";
			targets = (
				F172F5E5244694F80048626B /* ImageLoader */,
				F172F5FB244694F90048626B /* ImageLoaderTests */,
			);
		};
/* End PBXProject section */

/* Begin PBXResourcesBuildPhase section */
		F172F5E4244694F80048626B /* Resources */ = {
			isa = PBXResourcesBuildPhase;
			buildActionMask = 2147483647;
			files = (
				F172F5F6244694F90048626B /* LaunchScreen.storyboard in Resources */,
				F172F61624472CDA0048626B /* ImageCell.xib in Resources */,
				F172F5F3244694F90048626B /* Assets.xcassets in Resources */,
				F172F5F1244694F80048626B /* Main.storyboard in Resources */,
			);
			runOnlyForDeploymentPostprocessing = 0;
		};
		F172F5FA244694F90048626B /* Resources */ = {
			isa = PBXResourcesBuildPhase;
			buildActionMask = 2147483647;
			files = (
			);
			runOnlyForDeploymentPostprocessing = 0;
		};
/* End PBXResourcesBuildPhase section */

/* Begin PBXSourcesBuildPhase section */
		F172F5E2244694F80048626B /* Sources */ = {
			isa = PBXSourcesBuildPhase;
			buildActionMask = 2147483647;
			files = (
				F172F60C2446958A0048626B /* LocalImageViewController.swift in Sources */,
				F172F610244696A00048626B /* AspectRatioImageView.swift in Sources */,
				F172F60E244695A90048626B /* OnlineImageViewController.swift in Sources */,
				F172F5EA244694F80048626B /* AppDelegate.swift in Sources */,
				F172F5EC244694F80048626B /* SceneDelegate.swift in Sources */,
				F172F6122446C28A0048626B /* ImageCell.swift in Sources */,
			);
			runOnlyForDeploymentPostprocessing = 0;
		};
		F172F5F8244694F90048626B /* Sources */ = {
			isa = PBXSourcesBuildPhase;
			buildActionMask = 2147483647;
			files = (
				F172F601244694F90048626B /* ImageLoaderTests.swift in Sources */,
			);
			runOnlyForDeploymentPostprocessing = 0;
		};
/* End PBXSourcesBuildPhase section */

/* Begin PBXTargetDependency section */
		F172F5FE244694F90048626B /* PBXTargetDependency */ = {
			isa = PBXTargetDependency;
			target = F172F5E5244694F80048626B /* ImageLoader */;
			targetProxy = F172F5FD244694F90048626B /* PBXContainerItemProxy */;
		};
/* End PBXTargetDependency section */

/* Begin PBXVariantGroup section */
		F172F5EF244694F80048626B /* Main.storyboard */ = {
			isa = PBXVariantGroup;
			children = (
				F172F5F0244694F80048626B /* Base */,
			);
			name = Main.storyboard;
			sourceTree = "<group>";
		};
		F172F5F4244694F90048626B /* LaunchScreen.storyboard */ = {
			isa = PBXVariantGroup;
			children = (
				F172F5F5244694F90048626B /* Base */,
			);
			name = LaunchScreen.storyboard;
			sourceTree = "<group>";
		};
/* End PBXVariantGroup section */

/* Begin XCBuildConfiguration section */
		F172F603244694F90048626B /* Debug */ = {
			isa = XCBuildConfiguration;
			buildSettings = {
				ALWAYS_SEARCH_USER_PATHS = NO;
				CLANG_ANALYZER_NONNULL = YES;
				CLANG_ANALYZER_NUMBER_OBJECT_CONVERSION = YES_AGGRESSIVE;
				CLANG_CXX_LANGUAGE_STANDARD = "gnu++14";
				CLANG_CXX_LIBRARY = "libc++";
				CLANG_ENABLE_MODULES = YES;
				CLANG_ENABLE_OBJC_ARC = YES;
				CLANG_ENABLE_OBJC_WEAK = YES;
				CLANG_WARN_BLOCK_CAPTURE_AUTORELEASING = YES;
				CLANG_WARN_BOOL_CONVERSION = YES;
				CLANG_WARN_COMMA = YES;
				CLANG_WARN_CONSTANT_CONVERSION = YES;
				CLANG_WARN_DEPRECATED_OBJC_IMPLEMENTATIONS = YES;
				CLANG_WARN_DIRECT_OBJC_ISA_USAGE = YES_ERROR;
				CLANG_WARN_DOCUMENTATION_COMMENTS = YES;
				CLANG_WARN_EMPTY_BODY = YES;
				CLANG_WARN_ENUM_CONVERSION = YES;
				CLANG_WARN_INFINITE_RECURSION = YES;
				CLANG_WARN_INT_CONVERSION = YES;
				CLANG_WARN_NON_LITERAL_NULL_CONVERSION = YES;
				CLANG_WARN_OBJC_IMPLICIT_RETAIN_SELF = YES;
				CLANG_WARN_OBJC_LITERAL_CONVERSION = YES;
				CLANG_WARN_OBJC_ROOT_CLASS = YES_ERROR;
				CLANG_WARN_RANGE_LOOP_ANALYSIS = YES;
				CLANG_WARN_STRICT_PROTOTYPES = YES;
				CLANG_WARN_SUSPICIOUS_MOVE = YES;
				CLANG_WARN_UNGUARDED_AVAILABILITY = YES_AGGRESSIVE;
				CLANG_WARN_UNREACHABLE_CODE = YES;
				CLANG_WARN__DUPLICATE_METHOD_MATCH = YES;
				COPY_PHASE_STRIP = NO;
				DEBUG_INFORMATION_FORMAT = dwarf;
				ENABLE_STRICT_OBJC_MSGSEND = YES;
				ENABLE_TESTABILITY = YES;
				GCC_C_LANGUAGE_STANDARD = gnu11;
				GCC_DYNAMIC_NO_PIC = NO;
				GCC_NO_COMMON_BLOCKS = YES;
				GCC_OPTIMIZATION_LEVEL = 0;
				GCC_PREPROCESSOR_DEFINITIONS = (
					"DEBUG=1",
					"$(inherited)",
				);
				GCC_WARN_64_TO_32_BIT_CONVERSION = YES;
				GCC_WARN_ABOUT_RETURN_TYPE = YES_ERROR;
				GCC_WARN_UNDECLARED_SELECTOR = YES;
				GCC_WARN_UNINITIALIZED_AUTOS = YES_AGGRESSIVE;
				GCC_WARN_UNUSED_FUNCTION = YES;
				GCC_WARN_UNUSED_VARIABLE = YES;
				IPHONEOS_DEPLOYMENT_TARGET = 13.4;
				MTL_ENABLE_DEBUG_INFO = INCLUDE_SOURCE;
				MTL_FAST_MATH = YES;
				ONLY_ACTIVE_ARCH = YES;
				SDKROOT = iphoneos;
				SWIFT_ACTIVE_COMPILATION_CONDITIONS = DEBUG;
				SWIFT_OPTIMIZATION_LEVEL = "-Onone";
			};
			name = Debug;
		};
		F172F604244694F90048626B /* Release */ = {
			isa = XCBuildConfiguration;
			buildSettings = {
				ALWAYS_SEARCH_USER_PATHS = NO;
				CLANG_ANALYZER_NONNULL = YES;
				CLANG_ANALYZER_NUMBER_OBJECT_CONVERSION = YES_AGGRESSIVE;
				CLANG_CXX_LANGUAGE_STANDARD = "gnu++14";
				CLANG_CXX_LIBRARY = "libc++";
				CLANG_ENABLE_MODULES = YES;
				CLANG_ENABLE_OBJC_ARC = YES;
				CLANG_ENABLE_OBJC_WEAK = YES;
				CLANG_WARN_BLOCK_CAPTURE_AUTORELEASING = YES;
				CLANG_WARN_BOOL_CONVERSION = YES;
				CLANG_WARN_COMMA = YES;
				CLANG_WARN_CONSTANT_CONVERSION = YES;
				CLANG_WARN_DEPRECATED_OBJC_IMPLEMENTATIONS = YES;
				CLANG_WARN_DIRECT_OBJC_ISA_USAGE = YES_ERROR;
				CLANG_WARN_DOCUMENTATION_COMMENTS = YES;
				CLANG_WARN_EMPTY_BODY = YES;
				CLANG_WARN_ENUM_CONVERSION = YES;
				CLANG_WARN_INFINITE_RECURSION = YES;
				CLANG_WARN_INT_CONVERSION = YES;
				CLANG_WARN_NON_LITERAL_NULL_CONVERSION = YES;
				CLANG_WARN_OBJC_IMPLICIT_RETAIN_SELF = YES;
				CLANG_WARN_OBJC_LITERAL_CONVERSION = YES;
				CLANG_WARN_OBJC_ROOT_CLASS = YES_ERROR;
				CLANG_WARN_RANGE_LOOP_ANALYSIS = YES;
				CLANG_WARN_STRICT_PROTOTYPES = YES;
				CLANG_WARN_SUSPICIOUS_MOVE = YES;
				CLANG_WARN_UNGUARDED_AVAILABILITY = YES_AGGRESSIVE;
				CLANG_WARN_UNREACHABLE_CODE = YES;
				CLANG_WARN__DUPLICATE_METHOD_MATCH = YES;
				COPY_PHASE_STRIP = NO;
				DEBUG_INFORMATION_FORMAT = "dwarf-with-dsym";
				ENABLE_NS_ASSERTIONS = NO;
				ENABLE_STRICT_OBJC_MSGSEND = YES;
				GCC_C_LANGUAGE_STANDARD = gnu11;
				GCC_NO_COMMON_BLOCKS = YES;
				GCC_WARN_64_TO_32_BIT_CONVERSION = YES;
				GCC_WARN_ABOUT_RETURN_TYPE = YES_ERROR;
				GCC_WARN_UNDECLARED_SELECTOR = YES;
				GCC_WARN_UNINITIALIZED_AUTOS = YES_AGGRESSIVE;
				GCC_WARN_UNUSED_FUNCTION = YES;
				GCC_WARN_UNUSED_VARIABLE = YES;
				IPHONEOS_DEPLOYMENT_TARGET = 13.4;
				MTL_ENABLE_DEBUG_INFO = NO;
				MTL_FAST_MATH = YES;
				SDKROOT = iphoneos;
				SWIFT_COMPILATION_MODE = wholemodule;
				SWIFT_OPTIMIZATION_LEVEL = "-O";
				VALIDATE_PRODUCT = YES;
			};
			name = Release;
		};
		F172F606244694F90048626B /* Debug */ = {
			isa = XCBuildConfiguration;
			buildSettings = {
				ASSETCATALOG_COMPILER_APPICON_NAME = AppIcon;
				CODE_SIGN_STYLE = Automatic;
				DEVELOPMENT_TEAM = P2J6PGJZZ5;
				INFOPLIST_FILE = ImageLoader/Info.plist;
				LD_RUNPATH_SEARCH_PATHS = (
					"$(inherited)",
					"@executable_path/Frameworks",
				);
				PRODUCT_BUNDLE_IDENTIFIER = com.jinlee.ImageLoader;
				PRODUCT_NAME = "$(TARGET_NAME)";
				SWIFT_VERSION = 5.0;
				TARGETED_DEVICE_FAMILY = "1,2";
			};
			name = Debug;
		};
		F172F607244694F90048626B /* Release */ = {
			isa = XCBuildConfiguration;
			buildSettings = {
				ASSETCATALOG_COMPILER_APPICON_NAME = AppIcon;
				CODE_SIGN_STYLE = Automatic;
				DEVELOPMENT_TEAM = P2J6PGJZZ5;
				INFOPLIST_FILE = ImageLoader/Info.plist;
				LD_RUNPATH_SEARCH_PATHS = (
					"$(inherited)",
					"@executable_path/Frameworks",
				);
				PRODUCT_BUNDLE_IDENTIFIER = com.jinlee.ImageLoader;
				PRODUCT_NAME = "$(TARGET_NAME)";
				SWIFT_VERSION = 5.0;
				TARGETED_DEVICE_FAMILY = "1,2";
			};
			name = Release;
		};
		F172F609244694F90048626B /* Debug */ = {
			isa = XCBuildConfiguration;
			buildSettings = {
				ALWAYS_EMBED_SWIFT_STANDARD_LIBRARIES = YES;
				BUNDLE_LOADER = "$(TEST_HOST)";
				CODE_SIGN_STYLE = Automatic;
				DEVELOPMENT_TEAM = P2J6PGJZZ5;
				INFOPLIST_FILE = ImageLoaderTests/Info.plist;
				IPHONEOS_DEPLOYMENT_TARGET = 13.4;
				LD_RUNPATH_SEARCH_PATHS = (
					"$(inherited)",
					"@executable_path/Frameworks",
					"@loader_path/Frameworks",
				);
				PRODUCT_BUNDLE_IDENTIFIER = com.jinlee.ImageLoaderTests;
				PRODUCT_NAME = "$(TARGET_NAME)";
				SWIFT_VERSION = 5.0;
				TARGETED_DEVICE_FAMILY = "1,2";
				TEST_HOST = "$(BUILT_PRODUCTS_DIR)/ImageLoader.app/ImageLoader";
			};
			name = Debug;
		};
		F172F60A244694F90048626B /* Release */ = {
			isa = XCBuildConfiguration;
			buildSettings = {
				ALWAYS_EMBED_SWIFT_STANDARD_LIBRARIES = YES;
				BUNDLE_LOADER = "$(TEST_HOST)";
				CODE_SIGN_STYLE = Automatic;
				DEVELOPMENT_TEAM = P2J6PGJZZ5;
				INFOPLIST_FILE = ImageLoaderTests/Info.plist;
				IPHONEOS_DEPLOYMENT_TARGET = 13.4;
				LD_RUNPATH_SEARCH_PATHS = (
					"$(inherited)",
					"@executable_path/Frameworks",
					"@loader_path/Frameworks",
				);
				PRODUCT_BUNDLE_IDENTIFIER = com.jinlee.ImageLoaderTests;
				PRODUCT_NAME = "$(TARGET_NAME)";
				SWIFT_VERSION = 5.0;
				TARGETED_DEVICE_FAMILY = "1,2";
				TEST_HOST = "$(BUILT_PRODUCTS_DIR)/ImageLoader.app/ImageLoader";
			};
			name = Release;
		};
/* End XCBuildConfiguration section */

/* Begin XCConfigurationList section */
		F172F5E1244694F80048626B /* Build configuration list for PBXProject "ImageLoader" */ = {
			isa = XCConfigurationList;
			buildConfigurations = (
				F172F603244694F90048626B /* Debug */,
				F172F604244694F90048626B /* Release */,
			);
			defaultConfigurationIsVisible = 0;
			defaultConfigurationName = Release;
		};
		F172F605244694F90048626B /* Build configuration list for PBXNativeTarget "ImageLoader" */ = {
			isa = XCConfigurationList;
			buildConfigurations = (
				F172F606244694F90048626B /* Debug */,
				F172F607244694F90048626B /* Release */,
			);
			defaultConfigurationIsVisible = 0;
			defaultConfigurationName = Release;
		};
		F172F608244694F90048626B /* Build configuration list for PBXNativeTarget "ImageLoaderTests" */ = {
			isa = XCConfigurationList;
			buildConfigurations = (
				F172F609244694F90048626B /* Debug */,
				F172F60A244694F90048626B /* Release */,
			);
			defaultConfigurationIsVisible = 0;
			defaultConfigurationName = Release;
		};
/* End XCConfigurationList section */
	};
	rootObject = F172F5DE244694F80048626B /* Project object */;
}
